
Microsoft Visual Studio Solution File, Format Version 12.00
# Visual Studio 15
Project("{FAE04EC0-301F-11D3-BF4B-00C04F79EFBC}") = "Oculus.Platform", "Oculus.Platform.csproj", "{7C06C614-1CBE-42A8-5482-0E4EBDE307CD}"
EndProject
Project("{FAE04EC0-301F-11D3-BF4B-00C04F79EFBC}") = "Assembly-CSharp", "Assembly-CSharp.csproj", "{83C047AC-940E-E796-1F59-54CAFC86C750}"
EndProject
Project("{FAE04EC0-301F-11D3-BF4B-00C04F79EFBC}") = "Oculus.Interaction", "Oculus.Interaction.csproj", "{6EF16880-F873-A199-C148-FD8C26A25E3A}"
EndProject
Project("{FAE04EC0-301F-11D3-BF4B-00C04F79EFBC}") = "Oculus.VR", "Oculus.VR.csproj", "{6AE87F04-5EDD-A2D0-0BAA-AF7FD11AFB84}"
EndProject
Project("{FAE04EC0-301F-11D3-BF4B-00C04F79EFBC}") = "Unity.ProBuilder.Examples", "Unity.ProBuilder.Examples.csproj", "{171B1619-5FB0-110E-C2BE-6109BA95E641}"
EndProject
Project("{FAE04EC0-301F-11D3-BF4B-00C04F79EFBC}") = "VoiceSDK.Dictation.Runtime", "VoiceSDK.Dictation.Runtime.csproj", "{0DED1ED1-EAC7-B797-6000-9239E37624C3}"
EndProject
Project("{FAE04EC0-301F-11D3-BF4B-00C04F79EFBC}") = "VoiceSDK.Runtime", "VoiceSDK.Runtime.csproj", "{C28E5268-6F95-262C-AC0D-13D1F889B530}"
EndProject
Project("{FAE04EC0-301F-11D3-BF4B-00C04F79EFBC}") = "Meta.WitAi", "Meta.WitAi.csproj", "{53463C10-64E5-FBE9-C62F-06C4ED647228}"
EndProject
Project("{FAE04EC0-301F-11D3-BF4B-00C04F79EFBC}") = "Oculus.Interaction.OVR.Samples", "Oculus.Interaction.OVR.Samples.csproj", "{A3C1823A-104E-F114-D8FD-DC0F15E79B31}"
EndProject
Project("{FAE04EC0-301F-11D3-BF4B-00C04F79EFBC}") = "Meta.WitAi.TTS.Samples", "Meta.WitAi.TTS.Samples.csproj", "{C70C0ACE-E286-D9DF-5894-EF5E4CA7F686}"
EndProject
Project("{FAE04EC0-301F-11D3-BF4B-00C04F79EFBC}") = "Oculus.Voice.Demo", "Oculus.Voice.Demo.csproj", "{54F848A3-303A-25D6-2B09-5A0DED271853}"
EndProject
Project("{FAE04EC0-301F-11D3-BF4B-00C04F79EFBC}") = "Meta.WitAi.Lib", "Meta.WitAi.Lib.csproj", "{9664A45F-3F72-E133-0BBE-DD6CBBE388B1}"
EndProject
Project("{FAE04EC0-301F-11D3-BF4B-00C04F79EFBC}") = "Oculus.Interaction.OVR", "Oculus.Interaction.OVR.csproj", "{612DE6DD-9AF3-009E-35E7-4DB9CA8E167F}"
EndProject
Project("{FAE04EC0-301F-11D3-BF4B-00C04F79EFBC}") = "AssistantCoreSDKRuntime", "AssistantCoreSDKRuntime.csproj", "{9B67D2DB-1001-9300-EF93-1DC51B30E874}"
EndProject
Project("{FAE04EC0-301F-11D3-BF4B-00C04F79EFBC}") = "Meta.WitAi.Conduit", "Meta.WitAi.Conduit.csproj", "{A61184FF-5722-385C-F984-5F2C9847D29C}"
EndProject
Project("{FAE04EC0-301F-11D3-BF4B-00C04F79EFBC}") = "Oculus.AudioManager", "Oculus.AudioManager.csproj", "{ACF370A7-7F42-4FE8-3117-6F8303344CCF}"
EndProject
Project("{FAE04EC0-301F-11D3-BF4B-00C04F79EFBC}") = "Oculus.LipSync", "Oculus.LipSync.csproj", "{53A28131-1142-5333-77D1-C7D3AC17B64D}"
EndProject
Project("{FAE04EC0-301F-11D3-BF4B-00C04F79EFBC}") = "Oculus.Spatializer", "Oculus.Spatializer.csproj", "{0FE74114-0709-A1D5-B0A0-293A1C27922D}"
EndProject
Project("{FAE04EC0-301F-11D3-BF4B-00C04F79EFBC}") = "Meta.VoiceSDK.Mic.Other", "Meta.VoiceSDK.Mic.Other.csproj", "{3AF98D43-C302-72E2-B7FE-62AB2255501B}"
EndProject
Project("{FAE04EC0-301F-11D3-BF4B-00C04F79EFBC}") = "Meta.VoiceSDK.Mic.Common", "Meta.VoiceSDK.Mic.Common.csproj", "{187BAB85-A896-7C3E-E00C-D610D7CF4E6E}"
EndProject
Project("{FAE04EC0-301F-11D3-BF4B-00C04F79EFBC}") = "Facebook.Wit.Dictation", "Facebook.Wit.Dictation.csproj", "{386369A1-858F-97A5-5F02-F93C01407577}"
EndProject
Project("{FAE04EC0-301F-11D3-BF4B-00C04F79EFBC}") = "Meta.WitAi.TTS", "Meta.WitAi.TTS.csproj", "{1CD7D04E-2388-4FC8-4A80-4B403246DCC8}"
EndProject
Project("{FAE04EC0-301F-11D3-BF4B-00C04F79EFBC}") = "Meta.WitAi.Editor", "Meta.WitAi.Editor.csproj", "{81BE8AC5-1673-5D82-05AB-94C166EA9142}"
EndProject
Project("{FAE04EC0-301F-11D3-BF4B-00C04F79EFBC}") = "Meta.WitAI.Lib.Editor", "Meta.WitAI.Lib.Editor.csproj", "{D62F0A15-546E-898F-6171-973ADC899B82}"
EndProject
Project("{FAE04EC0-301F-11D3-BF4B-00C04F79EFBC}") = "Oculus.VR.Editor", "Oculus.VR.Editor.csproj", "{F8DA3F19-98C0-3AD0-A560-6770B108F518}"
EndProject
Project("{FAE04EC0-301F-11D3-BF4B-00C04F79EFBC}") = "Meta.WitAi.Conduit.Editor", "Meta.WitAi.Conduit.Editor.csproj", "{8B5B143A-D754-6B77-78F1-57485CFC8DEA}"
EndProject
Project("{FAE04EC0-301F-11D3-BF4B-00C04F79EFBC}") = "Oculus.Interaction.Editor", "Oculus.Interaction.Editor.csproj", "{F6D0563B-7B15-D09F-EE63-0D2BDE94BC88}"
EndProject
Project("{FAE04EC0-301F-11D3-BF4B-00C04F79EFBC}") = "Oculus.Interaction.OVR.Editor", "Oculus.Interaction.OVR.Editor.csproj", "{8380E22B-5F5A-F364-AEA5-53E9B8B60478}"
EndProject
Project("{FAE04EC0-301F-11D3-BF4B-00C04F79EFBC}") = "Assembly-CSharp-Editor", "Assembly-CSharp-Editor.csproj", "{71F52C3E-7024-74AA-911D-03BF21B39E24}"
EndProject
Project("{FAE04EC0-301F-11D3-BF4B-00C04F79EFBC}") = "Oculus.VR.Scripts.Editor", "Oculus.VR.Scripts.Editor.csproj", "{0D5DA3A1-EF3B-61E4-4227-AD1EC9D7665B}"
EndProject
Project("{FAE04EC0-301F-11D3-BF4B-00C04F79EFBC}") = "Oculus.Spatializer.Editor", "Oculus.Spatializer.Editor.csproj", "{EE9ED056-8A22-8326-61FB-24137CD9FBBB}"
EndProject
Project("{FAE04EC0-301F-11D3-BF4B-00C04F79EFBC}") = "Meta.WitAi.TTS.Editor", "Meta.WitAi.TTS.Editor.csproj", "{2487710F-373E-0BBC-92A7-055D1B8C2FF1}"
EndProject
Project("{FAE04EC0-301F-11D3-BF4B-00C04F79EFBC}") = "VoiceSDK.Dictation.Editor", "VoiceSDK.Dictation.Editor.csproj", "{7B5E5463-4306-9683-A002-2BC3B38E62E3}"
EndProject
Project("{FAE04EC0-301F-11D3-BF4B-00C04F79EFBC}") = "Oculus.Platform.Editor", "Oculus.Platform.Editor.csproj", "{58B6EB3E-C406-0AC1-B599-A4010DFB3E91}"
EndProject
Project("{FAE04EC0-301F-11D3-BF4B-00C04F79EFBC}") = "VoiceSDK.Editor", "VoiceSDK.Editor.csproj", "{FEDD8533-6C63-0C4D-8792-EAB2A056D504}"
EndProject
Project("{FAE04EC0-301F-11D3-BF4B-00C04F79EFBC}") = "Oculus.AudioManager.Audio.Editor", "Oculus.AudioManager.Audio.Editor.csproj", "{C6C9E842-7704-A179-C64B-8CB48CCFF909}"
EndProject
Project("{FAE04EC0-301F-11D3-BF4B-00C04F79EFBC}") = "Unity.XR.Management.Samples.Editor", "Unity.XR.Management.Samples.Editor.csproj", "{9658940F-546B-728F-662B-76C3E226F2D0}"
EndProject
Project("{FAE04EC0-301F-11D3-BF4B-00C04F79EFBC}") = "Unity.ProBuilder.Examples.Editor", "Unity.ProBuilder.Examples.Editor.csproj", "{6D824AD5-3141-24C3-EEF4-55D08B2CCB78}"
EndProject
Project("{FAE04EC0-301F-11D3-BF4B-00C04F79EFBC}") = "Oculus.LipSync.Editor", "Oculus.LipSync.Editor.csproj", "{95262374-F24D-5760-62E9-C6B7176202E4}"
EndProject
Project("{FAE04EC0-301F-11D3-BF4B-00C04F79EFBC}") = "Unity.XR.Management.Samples", "Unity.XR.Management.Samples.csproj", "{1AC818EB-AD56-9FD9-741C-D427187134B5}"
EndProject
Project("{FAE04EC0-301F-11D3-BF4B-00C04F79EFBC}") = "Oculus.AudioManager.Utils.Editor", "Oculus.AudioManager.Utils.Editor.csproj", "{DBE1649C-8B19-5483-0BF4-91FDE126A1BC}"
EndProject
Project("{FAE04EC0-301F-11D3-BF4B-00C04F79EFBC}") = "Oculus.Interaction.Samples.Editor", "Oculus.Interaction.Samples.Editor.csproj", "{0225B05A-4CBB-F26D-D0FD-B051195B6FCF}"
EndProject
Project("{FAE04EC0-301F-11D3-BF4B-00C04F79EFBC}") = "Facebook.Wit.Dictation.Editor", "Facebook.Wit.Dictation.Editor.csproj", "{142EAA65-DBC1-EB7D-4DBF-8AC17FABDF05}"
EndProject
Project("{FAE04EC0-301F-11D3-BF4B-00C04F79EFBC}") = "Oculus.Interaction.InterfaceSupport", "Oculus.Interaction.InterfaceSupport.csproj", "{CC320660-A626-6D22-9B29-1373E2F09A15}"
EndProject
Project("{FAE04EC0-301F-11D3-BF4B-00C04F79EFBC}") = "AssistantCoreSDKEditor", "AssistantCoreSDKEditor.csproj", "{EC2109BC-25BC-D579-C28E-9C8B666F16DE}"
EndProject
Global
	GlobalSection(SolutionConfigurationPlatforms) = preSolution
		Debug|Any CPU = Debug|Any CPU
		Release|Any CPU = Release|Any CPU
	EndGlobalSection
	GlobalSection(ProjectConfigurationPlatforms) = postSolution
		{7C06C614-1CBE-42A8-5482-0E4EBDE307CD}.Debug|Any CPU.ActiveCfg = Debug|Any CPU
		{7C06C614-1CBE-42A8-5482-0E4EBDE307CD}.Debug|Any CPU.Build.0 = Debug|Any CPU
		{7C06C614-1CBE-42A8-5482-0E4EBDE307CD}.Release|Any CPU.ActiveCfg = Release|Any CPU
		{7C06C614-1CBE-42A8-5482-0E4EBDE307CD}.Release|Any CPU.Build.0 = Release|Any CPU
		{83C047AC-940E-E796-1F59-54CAFC86C750}.Debug|Any CPU.ActiveCfg = Debug|Any CPU
		{83C047AC-940E-E796-1F59-54CAFC86C750}.Debug|Any CPU.Build.0 = Debug|Any CPU
		{83C047AC-940E-E796-1F59-54CAFC86C750}.Release|Any CPU.ActiveCfg = Release|Any CPU
		{83C047AC-940E-E796-1F59-54CAFC86C750}.Release|Any CPU.Build.0 = Release|Any CPU
		{6EF16880-F873-A199-C148-FD8C26A25E3A}.Debug|Any CPU.ActiveCfg = Debug|Any CPU
		{6EF16880-F873-A199-C148-FD8C26A25E3A}.Debug|Any CPU.Build.0 = Debug|Any CPU
		{6EF16880-F873-A199-C148-FD8C26A25E3A}.Release|Any CPU.ActiveCfg = Release|Any CPU
		{6EF16880-F873-A199-C148-FD8C26A25E3A}.Release|Any CPU.Build.0 = Release|Any CPU
		{6AE87F04-5EDD-A2D0-0BAA-AF7FD11AFB84}.Debug|Any CPU.ActiveCfg = Debug|Any CPU
		{6AE87F04-5EDD-A2D0-0BAA-AF7FD11AFB84}.Debug|Any CPU.Build.0 = Debug|Any CPU
		{6AE87F04-5EDD-A2D0-0BAA-AF7FD11AFB84}.Release|Any CPU.ActiveCfg = Release|Any CPU
		{6AE87F04-5EDD-A2D0-0BAA-AF7FD11AFB84}.Release|Any CPU.Build.0 = Release|Any CPU
		{171B1619-5FB0-110E-C2BE-6109BA95E641}.Debug|Any CPU.ActiveCfg = Debug|Any CPU
		{171B1619-5FB0-110E-C2BE-6109BA95E641}.Debug|Any CPU.Build.0 = Debug|Any CPU
		{171B1619-5FB0-110E-C2BE-6109BA95E641}.Release|Any CPU.ActiveCfg = Release|Any CPU
		{171B1619-5FB0-110E-C2BE-6109BA95E641}.Release|Any CPU.Build.0 = Release|Any CPU
		{0DED1ED1-EAC7-B797-6000-9239E37624C3}.Debug|Any CPU.ActiveCfg = Debug|Any CPU
		{0DED1ED1-EAC7-B797-6000-9239E37624C3}.Debug|Any CPU.Build.0 = Debug|Any CPU
		{0DED1ED1-EAC7-B797-6000-9239E37624C3}.Release|Any CPU.ActiveCfg = Release|Any CPU
		{0DED1ED1-EAC7-B797-6000-9239E37624C3}.Release|Any CPU.Build.0 = Release|Any CPU
		{C28E5268-6F95-262C-AC0D-13D1F889B530}.Debug|Any CPU.ActiveCfg = Debug|Any CPU
		{C28E5268-6F95-262C-AC0D-13D1F889B530}.Debug|Any CPU.Build.0 = Debug|Any CPU
		{C28E5268-6F95-262C-AC0D-13D1F889B530}.Release|Any CPU.ActiveCfg = Release|Any CPU
		{C28E5268-6F95-262C-AC0D-13D1F889B530}.Release|Any CPU.Build.0 = Release|Any CPU
		{53463C10-64E5-FBE9-C62F-06C4ED647228}.Debug|Any CPU.ActiveCfg = Debug|Any CPU
		{53463C10-64E5-FBE9-C62F-06C4ED647228}.Debug|Any CPU.Build.0 = Debug|Any CPU
		{53463C10-64E5-FBE9-C62F-06C4ED647228}.Release|Any CPU.ActiveCfg = Release|Any CPU
		{53463C10-64E5-FBE9-C62F-06C4ED647228}.Release|Any CPU.Build.0 = Release|Any CPU
		{A3C1823A-104E-F114-D8FD-DC0F15E79B31}.Debug|Any CPU.ActiveCfg = Debug|Any CPU
		{A3C1823A-104E-F114-D8FD-DC0F15E79B31}.Debug|Any CPU.Build.0 = Debug|Any CPU
		{A3C1823A-104E-F114-D8FD-DC0F15E79B31}.Release|Any CPU.ActiveCfg = Release|Any CPU
		{A3C1823A-104E-F114-D8FD-DC0F15E79B31}.Release|Any CPU.Build.0 = Release|Any CPU
		{C70C0ACE-E286-D9DF-5894-EF5E4CA7F686}.Debug|Any CPU.ActiveCfg = Debug|Any CPU
		{C70C0ACE-E286-D9DF-5894-EF5E4CA7F686}.Debug|Any CPU.Build.0 = Debug|Any CPU
		{C70C0ACE-E286-D9DF-5894-EF5E4CA7F686}.Release|Any CPU.ActiveCfg = Release|Any CPU
		{C70C0ACE-E286-D9DF-5894-EF5E4CA7F686}.Release|Any CPU.Build.0 = Release|Any CPU
		{54F848A3-303A-25D6-2B09-5A0DED271853}.Debug|Any CPU.ActiveCfg = Debug|Any CPU
		{54F848A3-303A-25D6-2B09-5A0DED271853}.Debug|Any CPU.Build.0 = Debug|Any CPU
		{54F848A3-303A-25D6-2B09-5A0DED271853}.Release|Any CPU.ActiveCfg = Release|Any CPU
		{54F848A3-303A-25D6-2B09-5A0DED271853}.Release|Any CPU.Build.0 = Release|Any CPU
		{9664A45F-3F72-E133-0BBE-DD6CBBE388B1}.Debug|Any CPU.ActiveCfg = Debug|Any CPU
		{9664A45F-3F72-E133-0BBE-DD6CBBE388B1}.Debug|Any CPU.Build.0 = Debug|Any CPU
		{9664A45F-3F72-E133-0BBE-DD6CBBE388B1}.Release|Any CPU.ActiveCfg = Release|Any CPU
		{9664A45F-3F72-E133-0BBE-DD6CBBE388B1}.Release|Any CPU.Build.0 = Release|Any CPU
		{612DE6DD-9AF3-009E-35E7-4DB9CA8E167F}.Debug|Any CPU.ActiveCfg = Debug|Any CPU
		{612DE6DD-9AF3-009E-35E7-4DB9CA8E167F}.Debug|Any CPU.Build.0 = Debug|Any CPU
		{612DE6DD-9AF3-009E-35E7-4DB9CA8E167F}.Release|Any CPU.ActiveCfg = Release|Any CPU
		{612DE6DD-9AF3-009E-35E7-4DB9CA8E167F}.Release|Any CPU.Build.0 = Release|Any CPU
		{9B67D2DB-1001-9300-EF93-1DC51B30E874}.Debug|Any CPU.ActiveCfg = Debug|Any CPU
		{9B67D2DB-1001-9300-EF93-1DC51B30E874}.Debug|Any CPU.Build.0 = Debug|Any CPU
		{9B67D2DB-1001-9300-EF93-1DC51B30E874}.Release|Any CPU.ActiveCfg = Release|Any CPU
		{9B67D2DB-1001-9300-EF93-1DC51B30E874}.Release|Any CPU.Build.0 = Release|Any CPU
		{A61184FF-5722-385C-F984-5F2C9847D29C}.Debug|Any CPU.ActiveCfg = Debug|Any CPU
		{A61184FF-5722-385C-F984-5F2C9847D29C}.Debug|Any CPU.Build.0 = Debug|Any CPU
		{A61184FF-5722-385C-F984-5F2C9847D29C}.Release|Any CPU.ActiveCfg = Release|Any CPU
		{A61184FF-5722-385C-F984-5F2C9847D29C}.Release|Any CPU.Build.0 = Release|Any CPU
		{ACF370A7-7F42-4FE8-3117-6F8303344CCF}.Debug|Any CPU.ActiveCfg = Debug|Any CPU
		{ACF370A7-7F42-4FE8-3117-6F8303344CCF}.Debug|Any CPU.Build.0 = Debug|Any CPU
		{ACF370A7-7F42-4FE8-3117-6F8303344CCF}.Release|Any CPU.ActiveCfg = Release|Any CPU
		{ACF370A7-7F42-4FE8-3117-6F8303344CCF}.Release|Any CPU.Build.0 = Release|Any CPU
		{53A28131-1142-5333-77D1-C7D3AC17B64D}.Debug|Any CPU.ActiveCfg = Debug|Any CPU
		{53A28131-1142-5333-77D1-C7D3AC17B64D}.Debug|Any CPU.Build.0 = Debug|Any CPU
		{53A28131-1142-5333-77D1-C7D3AC17B64D}.Release|Any CPU.ActiveCfg = Release|Any CPU
		{53A28131-1142-5333-77D1-C7D3AC17B64D}.Release|Any CPU.Build.0 = Release|Any CPU
		{0FE74114-0709-A1D5-B0A0-293A1C27922D}.Debug|Any CPU.ActiveCfg = Debug|Any CPU
		{0FE74114-0709-A1D5-B0A0-293A1C27922D}.Debug|Any CPU.Build.0 = Debug|Any CPU
		{0FE74114-0709-A1D5-B0A0-293A1C27922D}.Release|Any CPU.ActiveCfg = Release|Any CPU
		{0FE74114-0709-A1D5-B0A0-293A1C27922D}.Release|Any CPU.Build.0 = Release|Any CPU
		{3AF98D43-C302-72E2-B7FE-62AB2255501B}.Debug|Any CPU.ActiveCfg = Debug|Any CPU
		{3AF98D43-C302-72E2-B7FE-62AB2255501B}.Debug|Any CPU.Build.0 = Debug|Any CPU
		{3AF98D43-C302-72E2-B7FE-62AB2255501B}.Release|Any CPU.ActiveCfg = Release|Any CPU
		{3AF98D43-C302-72E2-B7FE-62AB2255501B}.Release|Any CPU.Build.0 = Release|Any CPU
		{187BAB85-A896-7C3E-E00C-D610D7CF4E6E}.Debug|Any CPU.ActiveCfg = Debug|Any CPU
		{187BAB85-A896-7C3E-E00C-D610D7CF4E6E}.Debug|Any CPU.Build.0 = Debug|Any CPU
		{187BAB85-A896-7C3E-E00C-D610D7CF4E6E}.Release|Any CPU.ActiveCfg = Release|Any CPU
		{187BAB85-A896-7C3E-E00C-D610D7CF4E6E}.Release|Any CPU.Build.0 = Release|Any CPU
		{386369A1-858F-97A5-5F02-F93C01407577}.Debug|Any CPU.ActiveCfg = Debug|Any CPU
		{386369A1-858F-97A5-5F02-F93C01407577}.Debug|Any CPU.Build.0 = Debug|Any CPU
		{386369A1-858F-97A5-5F02-F93C01407577}.Release|Any CPU.ActiveCfg = Release|Any CPU
		{386369A1-858F-97A5-5F02-F93C01407577}.Release|Any CPU.Build.0 = Release|Any CPU
		{1CD7D04E-2388-4FC8-4A80-4B403246DCC8}.Debug|Any CPU.ActiveCfg = Debug|Any CPU
		{1CD7D04E-2388-4FC8-4A80-4B403246DCC8}.Debug|Any CPU.Build.0 = Debug|Any CPU
		{1CD7D04E-2388-4FC8-4A80-4B403246DCC8}.Release|Any CPU.ActiveCfg = Release|Any CPU
		{1CD7D04E-2388-4FC8-4A80-4B403246DCC8}.Release|Any CPU.Build.0 = Release|Any CPU
		{81BE8AC5-1673-5D82-05AB-94C166EA9142}.Debug|Any CPU.ActiveCfg = Debug|Any CPU
		{81BE8AC5-1673-5D82-05AB-94C166EA9142}.Debug|Any CPU.Build.0 = Debug|Any CPU
		{81BE8AC5-1673-5D82-05AB-94C166EA9142}.Release|Any CPU.ActiveCfg = Release|Any CPU
		{81BE8AC5-1673-5D82-05AB-94C166EA9142}.Release|Any CPU.Build.0 = Release|Any CPU
		{D62F0A15-546E-898F-6171-973ADC899B82}.Debug|Any CPU.ActiveCfg = Debug|Any CPU
		{D62F0A15-546E-898F-6171-973ADC899B82}.Debug|Any CPU.Build.0 = Debug|Any CPU
		{D62F0A15-546E-898F-6171-973ADC899B82}.Release|Any CPU.ActiveCfg = Release|Any CPU
		{D62F0A15-546E-898F-6171-973ADC899B82}.Release|Any CPU.Build.0 = Release|Any CPU
		{F8DA3F19-98C0-3AD0-A560-6770B108F518}.Debug|Any CPU.ActiveCfg = Debug|Any CPU
		{F8DA3F19-98C0-3AD0-A560-6770B108F518}.Debug|Any CPU.Build.0 = Debug|Any CPU
		{F8DA3F19-98C0-3AD0-A560-6770B108F518}.Release|Any CPU.ActiveCfg = Release|Any CPU
		{F8DA3F19-98C0-3AD0-A560-6770B108F518}.Release|Any CPU.Build.0 = Release|Any CPU
		{8B5B143A-D754-6B77-78F1-57485CFC8DEA}.Debug|Any CPU.ActiveCfg = Debug|Any CPU
		{8B5B143A-D754-6B77-78F1-57485CFC8DEA}.Debug|Any CPU.Build.0 = Debug|Any CPU
		{8B5B143A-D754-6B77-78F1-57485CFC8DEA}.Release|Any CPU.ActiveCfg = Release|Any CPU
		{8B5B143A-D754-6B77-78F1-57485CFC8DEA}.Release|Any CPU.Build.0 = Release|Any CPU
		{F6D0563B-7B15-D09F-EE63-0D2BDE94BC88}.Debug|Any CPU.ActiveCfg = Debug|Any CPU
		{F6D0563B-7B15-D09F-EE63-0D2BDE94BC88}.Debug|Any CPU.Build.0 = Debug|Any CPU
		{F6D0563B-7B15-D09F-EE63-0D2BDE94BC88}.Release|Any CPU.ActiveCfg = Release|Any CPU
		{F6D0563B-7B15-D09F-EE63-0D2BDE94BC88}.Release|Any CPU.Build.0 = Release|Any CPU
		{8380E22B-5F5A-F364-AEA5-53E9B8B60478}.Debug|Any CPU.ActiveCfg = Debug|Any CPU
		{8380E22B-5F5A-F364-AEA5-53E9B8B60478}.Debug|Any CPU.Build.0 = Debug|Any CPU
		{8380E22B-5F5A-F364-AEA5-53E9B8B60478}.Release|Any CPU.ActiveCfg = Release|Any CPU
		{8380E22B-5F5A-F364-AEA5-53E9B8B60478}.Release|Any CPU.Build.0 = Release|Any CPU
		{71F52C3E-7024-74AA-911D-03BF21B39E24}.Debug|Any CPU.ActiveCfg = Debug|Any CPU
		{71F52C3E-7024-74AA-911D-03BF21B39E24}.Debug|Any CPU.Build.0 = Debug|Any CPU
		{71F52C3E-7024-74AA-911D-03BF21B39E24}.Release|Any CPU.ActiveCfg = Release|Any CPU
		{71F52C3E-7024-74AA-911D-03BF21B39E24}.Release|Any CPU.Build.0 = Release|Any CPU
		{0D5DA3A1-EF3B-61E4-4227-AD1EC9D7665B}.Debug|Any CPU.ActiveCfg = Debug|Any CPU
		{0D5DA3A1-EF3B-61E4-4227-AD1EC9D7665B}.Debug|Any CPU.Build.0 = Debug|Any CPU
		{0D5DA3A1-EF3B-61E4-4227-AD1EC9D7665B}.Release|Any CPU.ActiveCfg = Release|Any CPU
		{0D5DA3A1-EF3B-61E4-4227-AD1EC9D7665B}.Release|Any CPU.Build.0 = Release|Any CPU
		{EE9ED056-8A22-8326-61FB-24137CD9FBBB}.Debug|Any CPU.ActiveCfg = Debug|Any CPU
		{EE9ED056-8A22-8326-61FB-24137CD9FBBB}.Debug|Any CPU.Build.0 = Debug|Any CPU
		{EE9ED056-8A22-8326-61FB-24137CD9FBBB}.Release|Any CPU.ActiveCfg = Release|Any CPU
		{EE9ED056-8A22-8326-61FB-24137CD9FBBB}.Release|Any CPU.Build.0 = Release|Any CPU
		{2487710F-373E-0BBC-92A7-055D1B8C2FF1}.Debug|Any CPU.ActiveCfg = Debug|Any CPU
		{2487710F-373E-0BBC-92A7-055D1B8C2FF1}.Debug|Any CPU.Build.0 = Debug|Any CPU
		{2487710F-373E-0BBC-92A7-055D1B8C2FF1}.Release|Any CPU.ActiveCfg = Release|Any CPU
		{2487710F-373E-0BBC-92A7-055D1B8C2FF1}.Release|Any CPU.Build.0 = Release|Any CPU
		{7B5E5463-4306-9683-A002-2BC3B38E62E3}.Debug|Any CPU.ActiveCfg = Debug|Any CPU
		{7B5E5463-4306-9683-A002-2BC3B38E62E3}.Debug|Any CPU.Build.0 = Debug|Any CPU
		{7B5E5463-4306-9683-A002-2BC3B38E62E3}.Release|Any CPU.ActiveCfg = Release|Any CPU
		{7B5E5463-4306-9683-A002-2BC3B38E62E3}.Release|Any CPU.Build.0 = Release|Any CPU
		{58B6EB3E-C406-0AC1-B599-A4010DFB3E91}.Debug|Any CPU.ActiveCfg = Debug|Any CPU
		{58B6EB3E-C406-0AC1-B599-A4010DFB3E91}.Debug|Any CPU.Build.0 = Debug|Any CPU
		{58B6EB3E-C406-0AC1-B599-A4010DFB3E91}.Release|Any CPU.ActiveCfg = Release|Any CPU
		{58B6EB3E-C406-0AC1-B599-A4010DFB3E91}.Release|Any CPU.Build.0 = Release|Any CPU
		{FEDD8533-6C63-0C4D-8792-EAB2A056D504}.Debug|Any CPU.ActiveCfg = Debug|Any CPU
		{FEDD8533-6C63-0C4D-8792-EAB2A056D504}.Debug|Any CPU.Build.0 = Debug|Any CPU
		{FEDD8533-6C63-0C4D-8792-EAB2A056D504}.Release|Any CPU.ActiveCfg = Release|Any CPU
		{FEDD8533-6C63-0C4D-8792-EAB2A056D504}.Release|Any CPU.Build.0 = Release|Any CPU
		{C6C9E842-7704-A179-C64B-8CB48CCFF909}.Debug|Any CPU.ActiveCfg = Debug|Any CPU
		{C6C9E842-7704-A179-C64B-8CB48CCFF909}.Debug|Any CPU.Build.0 = Debug|Any CPU
		{C6C9E842-7704-A179-C64B-8CB48CCFF909}.Release|Any CPU.ActiveCfg = Release|Any CPU
		{C6C9E842-7704-A179-C64B-8CB48CCFF909}.Release|Any CPU.Build.0 = Release|Any CPU
		{9658940F-546B-728F-662B-76C3E226F2D0}.Debug|Any CPU.ActiveCfg = Debug|Any CPU
		{9658940F-546B-728F-662B-76C3E226F2D0}.Debug|Any CPU.Build.0 = Debug|Any CPU
		{9658940F-546B-728F-662B-76C3E226F2D0}.Release|Any CPU.ActiveCfg = Release|Any CPU
		{9658940F-546B-728F-662B-76C3E226F2D0}.Release|Any CPU.Build.0 = Release|Any CPU
		{6D824AD5-3141-24C3-EEF4-55D08B2CCB78}.Debug|Any CPU.ActiveCfg = Debug|Any CPU
		{6D824AD5-3141-24C3-EEF4-55D08B2CCB78}.Debug|Any CPU.Build.0 = Debug|Any CPU
		{6D824AD5-3141-24C3-EEF4-55D08B2CCB78}.Release|Any CPU.ActiveCfg = Release|Any CPU
		{6D824AD5-3141-24C3-EEF4-55D08B2CCB78}.Release|Any CPU.Build.0 = Release|Any CPU
		{95262374-F24D-5760-62E9-C6B7176202E4}.Debug|Any CPU.ActiveCfg = Debug|Any CPU
		{95262374-F24D-5760-62E9-C6B7176202E4}.Debug|Any CPU.Build.0 = Debug|Any CPU
		{95262374-F24D-5760-62E9-C6B7176202E4}.Release|Any CPU.ActiveCfg = Release|Any CPU
		{95262374-F24D-5760-62E9-C6B7176202E4}.Release|Any CPU.Build.0 = Release|Any CPU
		{1AC818EB-AD56-9FD9-741C-D427187134B5}.Debug|Any CPU.ActiveCfg = Debug|Any CPU
		{1AC818EB-AD56-9FD9-741C-D427187134B5}.Debug|Any CPU.Build.0 = Debug|Any CPU
		{1AC818EB-AD56-9FD9-741C-D427187134B5}.Release|Any CPU.ActiveCfg = Release|Any CPU
		{1AC818EB-AD56-9FD9-741C-D427187134B5}.Release|Any CPU.Build.0 = Release|Any CPU
		{DBE1649C-8B19-5483-0BF4-91FDE126A1BC}.Debug|Any CPU.ActiveCfg = Debug|Any CPU
		{DBE1649C-8B19-5483-0BF4-91FDE126A1BC}.Debug|Any CPU.Build.0 = Debug|Any CPU
		{DBE1649C-8B19-5483-0BF4-91FDE126A1BC}.Release|Any CPU.ActiveCfg = Release|Any CPU
		{DBE1649C-8B19-5483-0BF4-91FDE126A1BC}.Release|Any CPU.Build.0 = Release|Any CPU
		{0225B05A-4CBB-F26D-D0FD-B051195B6FCF}.Debug|Any CPU.ActiveCfg = Debug|Any CPU
		{0225B05A-4CBB-F26D-D0FD-B051195B6FCF}.Debug|Any CPU.Build.0 = Debug|Any CPU
		{0225B05A-4CBB-F26D-D0FD-B051195B6FCF}.Release|Any CPU.ActiveCfg = Release|Any CPU
		{0225B05A-4CBB-F26D-D0FD-B051195B6FCF}.Release|Any CPU.Build.0 = Release|Any CPU
		{142EAA65-DBC1-EB7D-4DBF-8AC17FABDF05}.Debug|Any CPU.ActiveCfg = Debug|Any CPU
		{142EAA65-DBC1-EB7D-4DBF-8AC17FABDF05}.Debug|Any CPU.Build.0 = Debug|Any CPU
		{142EAA65-DBC1-EB7D-4DBF-8AC17FABDF05}.Release|Any CPU.ActiveCfg = Release|Any CPU
		{142EAA65-DBC1-EB7D-4DBF-8AC17FABDF05}.Release|Any CPU.Build.0 = Release|Any CPU
		{CC320660-A626-6D22-9B29-1373E2F09A15}.Debug|Any CPU.ActiveCfg = Debug|Any CPU
		{CC320660-A626-6D22-9B29-1373E2F09A15}.Debug|Any CPU.Build.0 = Debug|Any CPU
		{CC320660-A626-6D22-9B29-1373E2F09A15}.Release|Any CPU.ActiveCfg = Release|Any CPU
		{CC320660-A626-6D22-9B29-1373E2F09A15}.Release|Any CPU.Build.0 = Release|Any CPU
		{EC2109BC-25BC-D579-C28E-9C8B666F16DE}.Debug|Any CPU.ActiveCfg = Debug|Any CPU
		{EC2109BC-25BC-D579-C28E-9C8B666F16DE}.Debug|Any CPU.Build.0 = Debug|Any CPU
		{EC2109BC-25BC-D579-C28E-9C8B666F16DE}.Release|Any CPU.ActiveCfg = Release|Any CPU
		{EC2109BC-25BC-D579-C28E-9C8B666F16DE}.Release|Any CPU.Build.0 = Release|Any CPU
	EndGlobalSection
	GlobalSection(SolutionProperties) = preSolution
		HideSolutionNode = FALSE
	EndGlobalSection
EndGlobal
